
Microsoft Visual Studio Solution File, Format Version 12.00
# Visual Studio Version 16
VisualStudioVersion = 16.0.31019.35
MinimumVisualStudioVersion = 10.0.40219.1
Project("{FAE04EC0-301F-11D3-BF4B-00C04F79EFBC}") = "堆疊", "堆疊\堆疊.csproj", "{7ADB9A02-4D59-4933-9673-D38C9B31F075}"
EndProject
Global
	GlobalSection(SolutionConfigurationPlatforms) = preSolution
		Debug|Any CPU = Debug|Any CPU
		Release|Any CPU = Release|Any CPU
	EndGlobalSection
	GlobalSection(ProjectConfigurationPlatforms) = postSolution
		{7ADB9A02-4D59-4933-9673-D38C9B31F075}.Debug|Any CPU.ActiveCfg = Debug|Any CPU
		{7ADB9A02-4D59-4933-9673-D38C9B31F075}.Debug|Any CPU.Build.0 = Debug|Any CPU
		{7ADB9A02-4D59-4933-9673-D38C9B31F075}.Release|Any CPU.ActiveCfg = Release|Any CPU
		{7ADB9A02-4D59-4933-9673-D38C9B31F075}.Release|Any CPU.Build.0 = Release|Any CPU
	EndGlobalSection
	GlobalSection(SolutionProperties) = preSolution
		HideSolutionNode = FALSE
	EndGlobalSection
	GlobalSection(ExtensibilityGlobals) = postSolution
		SolutionGuid = {95CA06B0-084F-4CF7-9473-A678A96094D9}
	EndGlobalSection
EndGlobal
