
Microsoft Visual Studio Solution File, Format Version 12.00
# Visual Studio Version 16
VisualStudioVersion = 16.0.30907.101
MinimumVisualStudioVersion = 10.0.40219.1
Project("{FAE04EC0-301F-11D3-BF4B-00C04F79EFBC}") = "1.Hello", "1.Hello\1.Hello.csproj", "{77027543-460E-4468-A964-943B52FDD201}"
EndProject
Global
	GlobalSection(SolutionConfigurationPlatforms) = preSolution
		Debug|Any CPU = Debug|Any CPU
		Release|Any CPU = Release|Any CPU
	EndGlobalSection
	GlobalSection(ProjectConfigurationPlatforms) = postSolution
		{77027543-460E-4468-A964-943B52FDD201}.Debug|Any CPU.ActiveCfg = Debug|Any CPU
		{77027543-460E-4468-A964-943B52FDD201}.Debug|Any CPU.Build.0 = Debug|Any CPU
		{77027543-460E-4468-A964-943B52FDD201}.Release|Any CPU.ActiveCfg = Release|Any CPU
		{77027543-460E-4468-A964-943B52FDD201}.Release|Any CPU.Build.0 = Release|Any CPU
	EndGlobalSection
	GlobalSection(SolutionProperties) = preSolution
		HideSolutionNode = FALSE
	EndGlobalSection
	GlobalSection(ExtensibilityGlobals) = postSolution
		SolutionGuid = {AC9341A3-5827-45A2-B1B2-EBE5372B90B3}
	EndGlobalSection
EndGlobal
